
Microsoft Visual Studio Solution File, Format Version 12.00
# Visual Studio Version 17
VisualStudioVersion = 17.0.31903.59
MinimumVisualStudioVersion = 10.0.40219.1
Project("{FAE04EC0-301F-11D3-BF4B-00C04F79EFBC}") = "FreelanceApp.Api", "FreelanceApp.Api\FreelanceApp.Api.csproj", "{5AC515E4-2265-4B37-BE92-D995A5E78F63}"
EndProject
Global
	GlobalSection(SolutionConfigurationPlatforms) = preSolution
		Debug|Any CPU = Debug|Any CPU
		Release|Any CPU = Release|Any CPU
	EndGlobalSection
	GlobalSection(SolutionProperties) = preSolution
		HideSolutionNode = FALSE
	EndGlobalSection
	GlobalSection(ProjectConfigurationPlatforms) = postSolution
		{5AC515E4-2265-4B37-BE92-D995A5E78F63}.Debug|Any CPU.ActiveCfg = Debug|Any CPU
		{5AC515E4-2265-4B37-BE92-D995A5E78F63}.Debug|Any CPU.Build.0 = Debug|Any CPU
		{5AC515E4-2265-4B37-BE92-D995A5E78F63}.Release|Any CPU.ActiveCfg = Release|Any CPU
		{5AC515E4-2265-4B37-BE92-D995A5E78F63}.Release|Any CPU.Build.0 = Release|Any CPU
	EndGlobalSection
EndGlobal
